PODS:
  - AFNetworking (3.2.1):
    - AFNetworking/NSURLSession (= 3.2.1)
    - AFNetworking/Reachability (= 3.2.1)
    - AFNetworking/Security (= 3.2.1)
    - AFNetworking/Serialization (= 3.2.1)
    - AFNetworking/UIKit (= 3.2.1)
  - AFNetworking/NSURLSession (3.2.1):
    - AFNetworking/Reachability
    - AFNetworking/Security
    - AFNetworking/Serialization
  - AFNetworking/Reachability (3.2.1)
  - AFNetworking/Security (3.2.1)
  - AFNetworking/Serialization (3.2.1)
  - AFNetworking/UIKit (3.2.1):
    - AFNetworking/NSURLSession
  - Branch (0.27.1):
    - Branch/Core (= 0.27.1)
  - Branch/Core (0.27.1)
  - CTKFlagPhoneNumber (0.5.0):
    - libPhoneNumber-iOS
  - FacebookCore (0.7.0):
    - FBSDKCoreKit (~> 5.0)
  - FacebookLogin (0.7.0):
    - FacebookCore (~> 0.7)
    - FBSDKCoreKit (~> 5.0)
    - FBSDKLoginKit (~> 5.0)
  - FacebookShare (0.7.0):
    - FacebookCore (~> 0.7)
    - FBSDKCoreKit (~> 5.0)
    - FBSDKShareKit (~> 5.0)
  - FBSDKCoreKit (5.1.0):
    - FBSDKCoreKit/Basics (= 5.1.0)
    - FBSDKCoreKit/Core (= 5.1.0)
  - FBSDKCoreKit/Basics (5.1.0)
  - FBSDKCoreKit/Core (5.1.0):
    - FBSDKCoreKit/Basics
  - FBSDKLoginKit (5.1.0):
    - FBSDKCoreKit (~> 5.0)
  - FBSDKShareKit (5.1.0):
    - FBSDKCoreKit (~> 5.0)
  - Firebase/Auth (5.20.2):
    - Firebase/CoreOnly
    - FirebaseAuth (= 5.4.2)
  - Firebase/Core (5.20.2):
    - Firebase/CoreOnly
    - FirebaseAnalytics (= 5.8.1)
  - Firebase/CoreOnly (5.20.2):
    - FirebaseCore (= 5.4.1)
  - Firebase/DynamicLinks (5.20.2):
    - Firebase/CoreOnly
    - FirebaseDynamicLinks (= 3.4.3)
  - Firebase/Invites (5.20.2):
    - Firebase/CoreOnly
    - FirebaseInvites (= 3.0.1)
  - Firebase/Messaging (5.20.2):
    - Firebase/CoreOnly
    - FirebaseMessaging (= 3.5.0)
  - FirebaseAnalytics (5.8.1):
    - FirebaseCore (~> 5.4)
    - FirebaseInstanceID (~> 3.8)
    - GoogleAppMeasurement (= 5.8.1)
    - GoogleUtilities/AppDelegateSwizzler (~> 5.2)
    - GoogleUtilities/MethodSwizzler (~> 5.2)
    - GoogleUtilities/Network (~> 5.2)
    - "GoogleUtilities/NSData+zlib (~> 5.2)"
    - nanopb (~> 0.3)
  - FirebaseAnalyticsInterop (1.2.0)
  - FirebaseAuth (5.4.2):
    - FirebaseAuthInterop (~> 1.0)
    - FirebaseCore (~> 5.2)
    - GoogleUtilities/Environment (~> 5.2)
    - GTMSessionFetcher/Core (~> 1.1)
  - FirebaseAuthInterop (1.0.0)
  - FirebaseCore (5.4.1):
    - GoogleUtilities/Environment (~> 5.2)
    - GoogleUtilities/Logger (~> 5.2)
  - FirebaseDynamicLinks (3.4.3):
    - FirebaseAnalytics (~> 5.1)
    - FirebaseAnalyticsInterop (~> 1.0)
    - FirebaseCore (~> 5.2)
  - FirebaseInstanceID (3.8.1):
    - FirebaseCore (~> 5.2)
    - GoogleUtilities/Environment (~> 5.2)
    - GoogleUtilities/UserDefaults (~> 5.2)
  - FirebaseInvites (3.0.1):
    - FirebaseAnalytics (~> 5.1)
    - FirebaseDynamicLinks (~> 3.0)
    - GoogleAPIClientForREST (~> 1.0)
    - GoogleSignIn (~> 4.2)
    - GoogleToolboxForMac/Logger (~> 2.1)
    - "GoogleToolboxForMac/NSDictionary+URLArguments (~> 2.1)"
    - "GoogleToolboxForMac/NSString+URLArguments (~> 2.1)"
    - GoogleToolboxForMac/StringEncoding (~> 2.1)
    - GoogleToolboxForMac/URLBuilder (~> 2.1)
    - GTMOAuth2 (~> 1.0)
    - GTMSessionFetcher/Core (~> 1.1)
    - GTMSessionFetcher/Full (~> 1.1)
    - Protobuf (~> 3.5)
  - FirebaseMessaging (3.5.0):
    - FirebaseAnalyticsInterop (~> 1.1)
    - FirebaseCore (~> 5.2)
    - FirebaseInstanceID (~> 3.6)
    - GoogleUtilities/Environment (~> 5.3)
    - GoogleUtilities/Reachability (~> 5.3)
    - GoogleUtilities/UserDefaults (~> 5.3)
    - Protobuf (~> 3.1)
  - GoneVisible (1.2.0)
  - Google-Mobile-Ads-SDK (7.43.0):
    - GoogleAppMeasurement (~> 5.7)
  - GoogleAPIClientForREST (1.3.9):
    - GoogleAPIClientForREST/Core (= 1.3.9)
    - GTMSessionFetcher (>= 1.1.7)
  - GoogleAPIClientForREST/Core (1.3.9):
    - GTMSessionFetcher (>= 1.1.7)
  - GoogleAppMeasurement (5.8.1):
    - GoogleUtilities/AppDelegateSwizzler (~> 5.2)
    - GoogleUtilities/MethodSwizzler (~> 5.2)
    - GoogleUtilities/Network (~> 5.2)
    - "GoogleUtilities/NSData+zlib (~> 5.2)"
    - nanopb (~> 0.3)
  - GoogleSignIn (4.4.0):
    - "GoogleToolboxForMac/NSDictionary+URLArguments (~> 2.1)"
    - "GoogleToolboxForMac/NSString+URLArguments (~> 2.1)"
    - GTMSessionFetcher/Core (~> 1.1)
  - GoogleToolboxForMac/Core (2.2.1):
    - GoogleToolboxForMac/Defines (= 2.2.1)
  - GoogleToolboxForMac/DebugUtils (2.2.1):
    - GoogleToolboxForMac/Defines (= 2.2.1)
  - GoogleToolboxForMac/Defines (2.2.1)
  - GoogleToolboxForMac/Logger (2.2.1):
    - GoogleToolboxForMac/Defines (= 2.2.1)
  - "GoogleToolboxForMac/NSDictionary+URLArguments (2.2.1)":
    - GoogleToolboxForMac/DebugUtils (= 2.2.1)
    - GoogleToolboxForMac/Defines (= 2.2.1)
    - "GoogleToolboxForMac/NSString+URLArguments (= 2.2.1)"
  - "GoogleToolboxForMac/NSString+URLArguments (2.2.1)"
  - GoogleToolboxForMac/StringEncoding (2.2.1):
    - GoogleToolboxForMac/Defines (= 2.2.1)
  - GoogleToolboxForMac/URLBuilder (2.2.1):
    - GoogleToolboxForMac/Core (= 2.2.1)
    - GoogleToolboxForMac/Defines (= 2.2.1)
    - "GoogleToolboxForMac/NSDictionary+URLArguments (= 2.2.1)"
    - "GoogleToolboxForMac/NSString+URLArguments (= 2.2.1)"
  - GoogleUtilities/AppDelegateSwizzler (5.8.0):
    - GoogleUtilities/Environment
    - GoogleUtilities/Logger
    - GoogleUtilities/Network
  - GoogleUtilities/Environment (5.8.0)
  - GoogleUtilities/Logger (5.8.0):
    - GoogleUtilities/Environment
  - GoogleUtilities/MethodSwizzler (5.8.0):
    - GoogleUtilities/Logger
  - GoogleUtilities/Network (5.8.0):
    - GoogleUtilities/Logger
    - "GoogleUtilities/NSData+zlib"
    - GoogleUtilities/Reachability
  - "GoogleUtilities/NSData+zlib (5.8.0)"
  - GoogleUtilities/Reachability (5.8.0):
    - GoogleUtilities/Logger
  - GoogleUtilities/UserDefaults (5.8.0):
    - GoogleUtilities/Logger
  - GTMOAuth2 (1.1.6):
    - GTMSessionFetcher (~> 1.1)
  - GTMSessionFetcher (1.2.2):
    - GTMSessionFetcher/Full (= 1.2.2)
  - GTMSessionFetcher/Core (1.2.2)
  - GTMSessionFetcher/Full (1.2.2):
    - GTMSessionFetcher/Core (= 1.2.2)
  - IOSLinkedInAPIFix (2.0.4):
    - AFNetworking (>= 2.0.0)
  - libPhoneNumber-iOS (0.9.15)
  - LinkedinSwift (1.7.9):
    - AFNetworking (>= 3.1.0)
    - IOSLinkedInAPIFix (>= 2.0.4)
  - nanopb (0.3.901):
    - nanopb/decode (= 0.3.901)
    - nanopb/encode (= 0.3.901)
  - nanopb/decode (0.3.901)
  - nanopb/encode (0.3.901)
  - Protobuf (3.8.0)
  - SinchVerification-Swift (2.0.6)
  - TransitionButton (0.5.2)
  - TwitterCore (3.2.0)
  - TwitterKit (3.4.2):
    - TwitterCore (>= 3.2.0)

DEPENDENCIES:
  - Branch
  - CTKFlagPhoneNumber
  - FacebookCore
  - FacebookLogin
  - FacebookShare
  - Firebase/Auth
  - Firebase/Core
  - Firebase/DynamicLinks
  - Firebase/Invites
  - Firebase/Messaging
  - GoneVisible
  - Google-Mobile-Ads-SDK
  - GoogleSignIn
  - LinkedinSwift
  - SinchVerification-Swift
  - TransitionButton
  - TwitterKit

SPEC REPOS:
  https://github.com/cocoapods/specs.git:
    - AFNetworking
    - Branch
    - CTKFlagPhoneNumber
    - FacebookCore
    - FacebookLogin
    - FacebookShare
    - FBSDKCoreKit
    - FBSDKLoginKit
    - FBSDKShareKit
    - Firebase
    - FirebaseAnalytics
    - FirebaseAnalyticsInterop
    - FirebaseAuth
    - FirebaseAuthInterop
    - FirebaseCore
    - FirebaseDynamicLinks
    - FirebaseInstanceID
    - FirebaseInvites
    - FirebaseMessaging
    - GoneVisible
    - Google-Mobile-Ads-SDK
    - GoogleAPIClientForREST
    - GoogleAppMeasurement
    - GoogleSignIn
    - GoogleToolboxForMac
    - GoogleUtilities
    - GTMOAuth2
    - GTMSessionFetcher
    - IOSLinkedInAPIFix
    - libPhoneNumber-iOS
    - LinkedinSwift
    - nanopb
    - Protobuf
    - SinchVerification-Swift
    - TransitionButton
    - TwitterCore
    - TwitterKit

SPEC CHECKSUMS:
  AFNetworking: b6f891fdfaed196b46c7a83cf209e09697b94057
  Branch: 1ace77c04b6e3efbf982bf4364f0662bfac156a0
  CTKFlagPhoneNumber: 6c00bfb94d8517cefee96537a376470376a20321
  FacebookCore: 4eee98476cb37a485af5d337eb21f8cd5b3c7e6c
  FacebookLogin: 94cdad6850e86a2b04704dedfe7674a7af8148eb
  FacebookShare: dd4954712db61e078aea483bdf89e1b2ae3574b5
  FBSDKCoreKit: 28abd87d7828faff0d75fda2ada31d279ec5eaba
  FBSDKLoginKit: bf3d18167d26864e96bde4121c28823359325384
  FBSDKShareKit: 3bb23fcad8c8ad3fa8a800cc1d4fb0d74e1f9bf2
  Firebase: 0c8cf33f266410c61ab3e2265cfa412200351d9c
  FirebaseAnalytics: ece1aa57a4f43c64d53a648b5a5e05151aae947b
  FirebaseAnalyticsInterop: efbe45c8385ec626e29f9525e5ebd38520dfb6c1
  FirebaseAuth: dd7bbf03a5aee0eafb3a1aee4d2812bd74bac890
  FirebaseAuthInterop: 0ffa57668be100582bb7643d4fcb7615496c41fc
  FirebaseCore: f1a9a8be1aee4bf71a2fc0f4096df6788bdfda61
  FirebaseDynamicLinks: f7a8717e2c7ea652923882a2d60b0045d6fd99d5
  FirebaseInstanceID: a122b0c258720cf250551bb2bedf48c699f80d90
  FirebaseInvites: f13ed69fae140e705baec1a59ff127334b841a8a
  FirebaseMessaging: 4235f949ce1c4e827aeb19705ba5c53f9b85aa10
  GoneVisible: c552940cd9df7548427f6bffd000dcbcc6de187f
  Google-Mobile-Ads-SDK: e911f5544fc6488f8372a183627a802c8bdb5e36
  GoogleAPIClientForREST: 44c7b678cbab11d26a47eab7309d6179b1a61f0c
  GoogleAppMeasurement: ffe513e90551844a739e7bcbb1d2aca1c28a4338
  GoogleSignIn: 7ff245e1a7b26d379099d3243a562f5747e23d39
  GoogleToolboxForMac: b3553629623a3b1bff17f555e736cd5a6d95ad55
  GoogleUtilities: 04fce34bcd5620c1ee76fb79172105c74a4df335
  GTMOAuth2: e8b6512c896235149df975c41d9a36c868ab7fba
  GTMSessionFetcher: 61bb0f61a4cb560030f1222021178008a5727a23
  IOSLinkedInAPIFix: a520fd805a03dade35f42904c7d89ded2a84c752
  libPhoneNumber-iOS: 0a32a9525cf8744fe02c5206eb30d571e38f7d75
  LinkedinSwift: f92083bf0404938768cc2cfd8c277205b566236f
  nanopb: 2901f78ea1b7b4015c860c2fdd1ea2fee1a18d48
  Protobuf: 3f617b9a6e73605565086864c9bc26b2bf2dd5a3
  SinchVerification-Swift: 6188011479120d3e6ff13fa646189b10194e308e
  TransitionButton: fb271583d9c9e4bb116b97103047e5157653f233
  TwitterCore: 8cbc9ad34d91c63a0035ea05bfbfc0d7ca72a28c
  TwitterKit: 5e4f41d70b9abdb41df5467f52d7aa2c0fd26ebb

PODFILE CHECKSUM: 7fd23496698f798b81a715f80419fb0a016d2e39

COCOAPODS: 1.7.2
