// !$*UTF8*$!
{
	archiveVersion = 1;
	classes = {
	};
	objectVersion = 46;
	objects = {

/* Begin PBXBuildFile section */
		006B74982167743C0070C385 /* AGSinchVerification.swift in Sources */ = {isa = PBXBuildFile; fileRef = 006B74962167743B0070C385 /* AGSinchVerification.swift */; };
		006B74992167743C0070C385 /* SinchLoginViewController.swift in Sources */ = {isa = PBXBuildFile; fileRef = 006B74972167743B0070C385 /* SinchLoginViewController.swift */; };
		006B749F2167747F0070C385 /* AGTwitterLogin.swift in Sources */ = {isa = PBXBuildFile; fileRef = 006B749B2167747F0070C385 /* AGTwitterLogin.swift */; };
		006B74A02167747F0070C385 /* AGFirebase.swift in Sources */ = {isa = PBXBuildFile; fileRef = 006B749D2167747F0070C385 /* AGFirebase.swift */; };
		006B74A12167747F0070C385 /* GoogleService-Info.plist in Resources */ = {isa = PBXBuildFile; fileRef = 006B749E2167747F0070C385 /* GoogleService-Info.plist */; };
		006B74A4216776C70070C385 /* UIView+Extension.swift in Sources */ = {isa = PBXBuildFile; fileRef = 006B74A3216776C70070C385 /* UIView+Extension.swift */; };
		154D05A9204522860089612E /* GoogleAdsBananer.swift in Sources */ = {isa = PBXBuildFile; fileRef = 154D05A6204522860089612E /* GoogleAdsBananer.swift */; };
		154D05AA204522860089612E /* GoogleAdsInterstitial.swift in Sources */ = {isa = PBXBuildFile; fileRef = 154D05A7204522860089612E /* GoogleAdsInterstitial.swift */; };
		154D05AB204522860089612E /* GoogleMobileAdsTableViewController.swift in Sources */ = {isa = PBXBuildFile; fileRef = 154D05A8204522860089612E /* GoogleMobileAdsTableViewController.swift */; };
		4E569AF21FCA97F700005CA9 /* AGGoogleLogin.swift in Sources */ = {isa = PBXBuildFile; fileRef = 4E569AF11FCA97F700005CA9 /* AGGoogleLogin.swift */; };
		4E569B031FCAC49900005CA9 /* GoogleService-Info.plist in Resources */ = {isa = PBXBuildFile; fileRef = 4E569B021FCAC49900005CA9 /* GoogleService-Info.plist */; };
		4E569B091FCAD8F300005CA9 /* Default-568h@2x.png in Resources */ = {isa = PBXBuildFile; fileRef = 4E569B081FCAD8F300005CA9 /* Default-568h@2x.png */; };
		4E6D64111FC7322F00B2D5E0 /* AppDelegate.swift in Sources */ = {isa = PBXBuildFile; fileRef = 4E6D64101FC7322F00B2D5E0 /* AppDelegate.swift */; };
		4E6D64131FC7323000B2D5E0 /* ViewController.swift in Sources */ = {isa = PBXBuildFile; fileRef = 4E6D64121FC7323000B2D5E0 /* ViewController.swift */; };
		4E6D64161FC7323000B2D5E0 /* Main.storyboard in Resources */ = {isa = PBXBuildFile; fileRef = 4E6D64141FC7323000B2D5E0 /* Main.storyboard */; };
		4E6D64181FC7323000B2D5E0 /* Assets.xcassets in Resources */ = {isa = PBXBuildFile; fileRef = 4E6D64171FC7323000B2D5E0 /* Assets.xcassets */; };
		4E6D641B1FC7323000B2D5E0 /* LaunchScreen.storyboard in Resources */ = {isa = PBXBuildFile; fileRef = 4E6D64191FC7323000B2D5E0 /* LaunchScreen.storyboard */; };
		4EA3A3C31FCBE1FD00178E39 /* FirebaseTableViewController.swift in Sources */ = {isa = PBXBuildFile; fileRef = 4EA3A3C21FCBE1FC00178E39 /* FirebaseTableViewController.swift */; };
		4EA3A3D01FCBFECC00178E39 /* AGLinkedInLogin.swift in Sources */ = {isa = PBXBuildFile; fileRef = 4EA3A3CF1FCBFECC00178E39 /* AGLinkedInLogin.swift */; };
		4EE8F5771FC80C5B00698C87 /* AGFacebookLogin.swift in Sources */ = {isa = PBXBuildFile; fileRef = 4EE8F5761FC80C5B00698C87 /* AGFacebookLogin.swift */; };
		5A92ACE08680383F0EF4BF0F /* Pods_AGSocialLogin.framework in Frameworks */ = {isa = PBXBuildFile; fileRef = DC0916B98FC877DB8F2441A0 /* Pods_AGSocialLogin.framework */; };
/* End PBXBuildFile section */

/* Begin PBXFileReference section */
		006B74962167743B0070C385 /* AGSinchVerification.swift */ = {isa = PBXFileReference; fileEncoding = 4; lastKnownFileType = sourcecode.swift; path = AGSinchVerification.swift; sourceTree = "<group>"; };
		006B74972167743B0070C385 /* SinchLoginViewController.swift */ = {isa = PBXFileReference; fileEncoding = 4; lastKnownFileType = sourcecode.swift; path = SinchLoginViewController.swift; sourceTree = "<group>"; };
		006B749B2167747F0070C385 /* AGTwitterLogin.swift */ = {isa = PBXFileReference; fileEncoding = 4; lastKnownFileType = sourcecode.swift; path = AGTwitterLogin.swift; sourceTree = "<group>"; };
		006B749D2167747F0070C385 /* AGFirebase.swift */ = {isa = PBXFileReference; fileEncoding = 4; lastKnownFileType = sourcecode.swift; path = AGFirebase.swift; sourceTree = "<group>"; };
		006B749E2167747F0070C385 /* GoogleService-Info.plist */ = {isa = PBXFileReference; fileEncoding = 4; lastKnownFileType = text.plist.xml; path = "GoogleService-Info.plist"; sourceTree = "<group>"; };
		006B74A3216776C70070C385 /* UIView+Extension.swift */ = {isa = PBXFileReference; lastKnownFileType = sourcecode.swift; path = "UIView+Extension.swift"; sourceTree = "<group>"; };
		154D05A6204522860089612E /* GoogleAdsBananer.swift */ = {isa = PBXFileReference; fileEncoding = 4; lastKnownFileType = sourcecode.swift; path = GoogleAdsBananer.swift; sourceTree = "<group>"; };
		154D05A7204522860089612E /* GoogleAdsInterstitial.swift */ = {isa = PBXFileReference; fileEncoding = 4; lastKnownFileType = sourcecode.swift; path = GoogleAdsInterstitial.swift; sourceTree = "<group>"; };
		154D05A8204522860089612E /* GoogleMobileAdsTableViewController.swift */ = {isa = PBXFileReference; fileEncoding = 4; lastKnownFileType = sourcecode.swift; path = GoogleMobileAdsTableViewController.swift; sourceTree = "<group>"; };
		1551FDB02043D5850074A541 /* AGSocialLogin.entitlements */ = {isa = PBXFileReference; lastKnownFileType = text.plist.entitlements; path = AGSocialLogin.entitlements; sourceTree = "<group>"; };
		2C52E3F1B551525B1919DD8D /* Pods-AGSocialLogin.debug.xcconfig */ = {isa = PBXFileReference; includeInIndex = 1; lastKnownFileType = text.xcconfig; name = "Pods-AGSocialLogin.debug.xcconfig"; path = "Pods/Target Support Files/Pods-AGSocialLogin/Pods-AGSocialLogin.debug.xcconfig"; sourceTree = "<group>"; };
		4E569AF11FCA97F700005CA9 /* AGGoogleLogin.swift */ = {isa = PBXFileReference; fileEncoding = 4; lastKnownFileType = sourcecode.swift; name = AGGoogleLogin.swift; path = Google/AGGoogleLogin.swift; sourceTree = "<group>"; };
		4E569B021FCAC49900005CA9 /* GoogleService-Info.plist */ = {isa = PBXFileReference; fileEncoding = 4; lastKnownFileType = text.plist.xml; name = "GoogleService-Info.plist"; path = "Google/GoogleService-Info.plist"; sourceTree = "<group>"; };
		4E569B081FCAD8F300005CA9 /* Default-568h@2x.png */ = {isa = PBXFileReference; lastKnownFileType = image.png; path = "Default-568h@2x.png"; sourceTree = "<group>"; };
		4E6D640D1FC7322F00B2D5E0 /* AGSocialLogin.app */ = {isa = PBXFileReference; explicitFileType = wrapper.application; includeInIndex = 0; path = AGSocialLogin.app; sourceTree = BUILT_PRODUCTS_DIR; };
		4E6D64101FC7322F00B2D5E0 /* AppDelegate.swift */ = {isa = PBXFileReference; lastKnownFileType = sourcecode.swift; path = AppDelegate.swift; sourceTree = "<group>"; };
		4E6D64121FC7323000B2D5E0 /* ViewController.swift */ = {isa = PBXFileReference; lastKnownFileType = sourcecode.swift; path = ViewController.swift; sourceTree = "<group>"; };
		4E6D64151FC7323000B2D5E0 /* Base */ = {isa = PBXFileReference; lastKnownFileType = file.storyboard; name = Base; path = Base.lproj/Main.storyboard; sourceTree = "<group>"; };
		4E6D64171FC7323000B2D5E0 /* Assets.xcassets */ = {isa = PBXFileReference; lastKnownFileType = folder.assetcatalog; path = Assets.xcassets; sourceTree = "<group>"; };
		4E6D641A1FC7323000B2D5E0 /* Base */ = {isa = PBXFileReference; lastKnownFileType = file.storyboard; name = Base; path = Base.lproj/LaunchScreen.storyboard; sourceTree = "<group>"; };
		4E6D641C1FC7323000B2D5E0 /* Info.plist */ = {isa = PBXFileReference; lastKnownFileType = text.plist.xml; path = Info.plist; sourceTree = "<group>"; };
		4EA3A3C21FCBE1FC00178E39 /* FirebaseTableViewController.swift */ = {isa = PBXFileReference; lastKnownFileType = sourcecode.swift; path = FirebaseTableViewController.swift; sourceTree = "<group>"; };
		4EA3A3C61FCBFC7500178E39 /* AGSocialLogin-Bridging-Header.h */ = {isa = PBXFileReference; lastKnownFileType = sourcecode.c.h; path = "AGSocialLogin-Bridging-Header.h"; sourceTree = "<group>"; };
		4EA3A3CF1FCBFECC00178E39 /* AGLinkedInLogin.swift */ = {isa = PBXFileReference; lastKnownFileType = sourcecode.swift; name = AGLinkedInLogin.swift; path = LinkedIn/AGLinkedInLogin.swift; sourceTree = "<group>"; };
		4EE8F5761FC80C5B00698C87 /* AGFacebookLogin.swift */ = {isa = PBXFileReference; fileEncoding = 4; lastKnownFileType = sourcecode.swift; name = AGFacebookLogin.swift; path = AGSocialLogin/Facebook/AGFacebookLogin.swift; sourceTree = "<group>"; };
		CDC9D01A0AB80890D983ED1E /* Pods-AGSocialLogin.release.xcconfig */ = {isa = PBXFileReference; includeInIndex = 1; lastKnownFileType = text.xcconfig; name = "Pods-AGSocialLogin.release.xcconfig"; path = "Pods/Target Support Files/Pods-AGSocialLogin/Pods-AGSocialLogin.release.xcconfig"; sourceTree = "<group>"; };
		DC0916B98FC877DB8F2441A0 /* Pods_AGSocialLogin.framework */ = {isa = PBXFileReference; explicitFileType = wrapper.framework; includeInIndex = 0; path = Pods_AGSocialLogin.framework; sourceTree = BUILT_PRODUCTS_DIR; };
/* End PBXFileReference section */

/* Begin PBXFrameworksBuildPhase section */
		4E6D640A1FC7322F00B2D5E0 /* Frameworks */ = {
			isa = PBXFrameworksBuildPhase;
			buildActionMask = 2147483647;
			files = (
				5A92ACE08680383F0EF4BF0F /* Pods_AGSocialLogin.framework in Frameworks */,
			);
			runOnlyForDeploymentPostprocessing = 0;
		};
/* End PBXFrameworksBuildPhase section */

/* Begin PBXGroup section */
		006B74952167743B0070C385 /* Sinch */ = {
			isa = PBXGroup;
			children = (
				006B74A2216776B00070C385 /* Extension */,
				006B74962167743B0070C385 /* AGSinchVerification.swift */,
				006B74972167743B0070C385 /* SinchLoginViewController.swift */,
			);
			path = Sinch;
			sourceTree = "<group>";
		};
		006B749A2167747F0070C385 /* Twitter */ = {
			isa = PBXGroup;
			children = (
				006B749B2167747F0070C385 /* AGTwitterLogin.swift */,
			);
			path = Twitter;
			sourceTree = "<group>";
		};
		006B749C2167747F0070C385 /* Firebase */ = {
			isa = PBXGroup;
			children = (
				006B749D2167747F0070C385 /* AGFirebase.swift */,
				006B749E2167747F0070C385 /* GoogleService-Info.plist */,
			);
			path = Firebase;
			sourceTree = "<group>";
		};
		006B74A2216776B00070C385 /* Extension */ = {
			isa = PBXGroup;
			children = (
				006B74A3216776C70070C385 /* UIView+Extension.swift */,
			);
			path = Extension;
			sourceTree = "<group>";
		};
		154D05A5204522860089612E /* GoogleMobileAds */ = {
			isa = PBXGroup;
			children = (
				154D05A6204522860089612E /* GoogleAdsBananer.swift */,
				154D05A7204522860089612E /* GoogleAdsInterstitial.swift */,
			);
			path = GoogleMobileAds;
			sourceTree = "<group>";
		};
		37DBFF289B73A4536FFBEA6F /* Frameworks */ = {
			isa = PBXGroup;
			children = (
				DC0916B98FC877DB8F2441A0 /* Pods_AGSocialLogin.framework */,
			);
			name = Frameworks;
			sourceTree = "<group>";
		};
		4E569AEF1FCA96B400005CA9 /* Facebook */ = {
			isa = PBXGroup;
			children = (
				4EE8F5761FC80C5B00698C87 /* AGFacebookLogin.swift */,
			);
			name = Facebook;
			path = ..;
			sourceTree = "<group>";
		};
		4E569AF01FCA96C300005CA9 /* Google */ = {
			isa = PBXGroup;
			children = (
				154D05A5204522860089612E /* GoogleMobileAds */,
				4E569AF11FCA97F700005CA9 /* AGGoogleLogin.swift */,
				154D05A8204522860089612E /* GoogleMobileAdsTableViewController.swift */,
				4E569B021FCAC49900005CA9 /* GoogleService-Info.plist */,
			);
			name = Google;
			sourceTree = "<group>";
		};
		4E6D64041FC7322F00B2D5E0 = {
			isa = PBXGroup;
			children = (
				4E569B081FCAD8F300005CA9 /* Default-568h@2x.png */,
				4E6D640F1FC7322F00B2D5E0 /* AGSocialLogin */,
				4E6D640E1FC7322F00B2D5E0 /* Products */,
				A8EFA41B408E0E2E8A49B0E9 /* Pods */,
				37DBFF289B73A4536FFBEA6F /* Frameworks */,
				4EA3A3C61FCBFC7500178E39 /* AGSocialLogin-Bridging-Header.h */,
			);
			sourceTree = "<group>";
		};
		4E6D640E1FC7322F00B2D5E0 /* Products */ = {
			isa = PBXGroup;
			children = (
				4E6D640D1FC7322F00B2D5E0 /* AGSocialLogin.app */,
			);
			name = Products;
			sourceTree = "<group>";
		};
		4E6D640F1FC7322F00B2D5E0 /* AGSocialLogin */ = {
			isa = PBXGroup;
			children = (
				1551FDB02043D5850074A541 /* AGSocialLogin.entitlements */,
				006B74952167743B0070C385 /* Sinch */,
				4EA3A3CB1FCBFE6900178E39 /* Linkedin */,
				4E569AF01FCA96C300005CA9 /* Google */,
				006B749C2167747F0070C385 /* Firebase */,
				006B749A2167747F0070C385 /* Twitter */,
				4E569AEF1FCA96B400005CA9 /* Facebook */,
				4E6D64101FC7322F00B2D5E0 /* AppDelegate.swift */,
				4E6D64121FC7323000B2D5E0 /* ViewController.swift */,
				4EA3A3C21FCBE1FC00178E39 /* FirebaseTableViewController.swift */,
				4E6D64141FC7323000B2D5E0 /* Main.storyboard */,
				4E6D64171FC7323000B2D5E0 /* Assets.xcassets */,
				4E6D64191FC7323000B2D5E0 /* LaunchScreen.storyboard */,
				4E6D641C1FC7323000B2D5E0 /* Info.plist */,
			);
			path = AGSocialLogin;
			sourceTree = "<group>";
		};
		4EA3A3CB1FCBFE6900178E39 /* Linkedin */ = {
			isa = PBXGroup;
			children = (
				4EA3A3CF1FCBFECC00178E39 /* AGLinkedInLogin.swift */,
			);
			name = Linkedin;
			sourceTree = "<group>";
		};
		A8EFA41B408E0E2E8A49B0E9 /* Pods */ = {
			isa = PBXGroup;
			children = (
				2C52E3F1B551525B1919DD8D /* Pods-AGSocialLogin.debug.xcconfig */,
				CDC9D01A0AB80890D983ED1E /* Pods-AGSocialLogin.release.xcconfig */,
			);
			name = Pods;
			sourceTree = "<group>";
		};
/* End PBXGroup section */

/* Begin PBXNativeTarget section */
		4E6D640C1FC7322F00B2D5E0 /* AGSocialLogin */ = {
			isa = PBXNativeTarget;
			buildConfigurationList = 4E6D641F1FC7323000B2D5E0 /* Build configuration list for PBXNativeTarget "AGSocialLogin" */;
			buildPhases = (
				1E9A7DCF40E5F946680A012B /* [CP] Check Pods Manifest.lock */,
				4E6D64091FC7322F00B2D5E0 /* Sources */,
				4E6D640A1FC7322F00B2D5E0 /* Frameworks */,
				4E6D640B1FC7322F00B2D5E0 /* Resources */,
				33D83A2A6EC5F57A875D29CE /* [CP] Embed Pods Frameworks */,
				E6637B21081548057094E9A2 /* [CP] Copy Pods Resources */,
			);
			buildRules = (
			);
			dependencies = (
			);
			name = AGSocialLogin;
			productName = AGSocialLogin;
			productReference = 4E6D640D1FC7322F00B2D5E0 /* AGSocialLogin.app */;
			productType = "com.apple.product-type.application";
		};
/* End PBXNativeTarget section */

/* Begin PBXProject section */
		4E6D64051FC7322F00B2D5E0 /* Project object */ = {
			isa = PBXProject;
			attributes = {
				LastSwiftUpdateCheck = 0830;
				LastUpgradeCheck = 1020;
				ORGANIZATIONNAME = AshvinGudaliya;
				TargetAttributes = {
					4E6D640C1FC7322F00B2D5E0 = {
						CreatedOnToolsVersion = 8.3.3;
						DevelopmentTeam = DASPPP27LL;
						LastSwiftMigration = 0920;
						ProvisioningStyle = Manual;
						SystemCapabilities = {
							com.apple.SafariKeychain = {
								enabled = 1;
							};
						};
					};
				};
			};
			buildConfigurationList = 4E6D64081FC7322F00B2D5E0 /* Build configuration list for PBXProject "AGSocialLogin" */;
			compatibilityVersion = "Xcode 3.2";
			developmentRegion = en;
			hasScannedForEncodings = 0;
			knownRegions = (
				en,
				Base,
			);
			mainGroup = 4E6D64041FC7322F00B2D5E0;
			productRefGroup = 4E6D640E1FC7322F00B2D5E0 /* Products */;
			projectDirPath = "";
			projectRoot = "";
			targets = (
				4E6D640C1FC7322F00B2D5E0 /* AGSocialLogin */,
			);
		};
/* End PBXProject section */

/* Begin PBXResourcesBuildPhase section */
		4E6D640B1FC7322F00B2D5E0 /* Resources */ = {
			isa = PBXResourcesBuildPhase;
			buildActionMask = 2147483647;
			files = (
				4E6D641B1FC7323000B2D5E0 /* LaunchScreen.storyboard in Resources */,
				4E6D64181FC7323000B2D5E0 /* Assets.xcassets in Resources */,
				4E6D64161FC7323000B2D5E0 /* Main.storyboard in Resources */,
				4E569B031FCAC49900005CA9 /* GoogleService-Info.plist in Resources */,
				4E569B091FCAD8F300005CA9 /* Default-568h@2x.png in Resources */,
				006B74A12167747F0070C385 /* GoogleService-Info.plist in Resources */,
			);
			runOnlyForDeploymentPostprocessing = 0;
		};
/* End PBXResourcesBuildPhase section */

/* Begin PBXShellScriptBuildPhase section */
		1E9A7DCF40E5F946680A012B /* [CP] Check Pods Manifest.lock */ = {
			isa = PBXShellScriptBuildPhase;
			buildActionMask = 2147483647;
			files = (
			);
			inputPaths = (
				"${PODS_PODFILE_DIR_PATH}/Podfile.lock",
				"${PODS_ROOT}/Manifest.lock",
			);
			name = "[CP] Check Pods Manifest.lock";
			outputPaths = (
				"$(DERIVED_FILE_DIR)/Pods-AGSocialLogin-checkManifestLockResult.txt",
			);
			runOnlyForDeploymentPostprocessing = 0;
			shellPath = /bin/sh;
			shellScript = "diff \"${PODS_PODFILE_DIR_PATH}/Podfile.lock\" \"${PODS_ROOT}/Manifest.lock\" > /dev/null\nif [ $? != 0 ] ; then\n    # print error to STDERR\n    echo \"error: The sandbox is not in sync with the Podfile.lock. Run 'pod install' or update your CocoaPods installation.\" >&2\n    exit 1\nfi\n# This output is used by Xcode 'outputs' to avoid re-running this script phase.\necho \"SUCCESS\" > \"${SCRIPT_OUTPUT_FILE_0}\"\n";
			showEnvVarsInLog = 0;
		};
		33D83A2A6EC5F57A875D29CE /* [CP] Embed Pods Frameworks */ = {
			isa = PBXShellScriptBuildPhase;
			buildActionMask = 2147483647;
			files = (
			);
			inputPaths = (
				"${PODS_ROOT}/Target Support Files/Pods-AGSocialLogin/Pods-AGSocialLogin-frameworks.sh",
				"${BUILT_PRODUCTS_DIR}/AFNetworking/AFNetworking.framework",
				"${BUILT_PRODUCTS_DIR}/Branch/Branch.framework",
				"${BUILT_PRODUCTS_DIR}/CTKFlagPhoneNumber/CTKFlagPhoneNumber.framework",
				"${BUILT_PRODUCTS_DIR}/FBSDKCoreKit/FBSDKCoreKit.framework",
				"${BUILT_PRODUCTS_DIR}/FBSDKLoginKit/FBSDKLoginKit.framework",
				"${BUILT_PRODUCTS_DIR}/FBSDKShareKit/FBSDKShareKit.framework",
				"${BUILT_PRODUCTS_DIR}/FacebookCore/FacebookCore.framework",
				"${BUILT_PRODUCTS_DIR}/FacebookLogin/FacebookLogin.framework",
				"${BUILT_PRODUCTS_DIR}/FacebookShare/FacebookShare.framework",
				"${BUILT_PRODUCTS_DIR}/GTMOAuth2/GTMOAuth2.framework",
				"${BUILT_PRODUCTS_DIR}/GTMSessionFetcher/GTMSessionFetcher.framework",
				"${BUILT_PRODUCTS_DIR}/GoneVisible/GoneVisible.framework",
				"${BUILT_PRODUCTS_DIR}/GoogleAPIClientForREST/GoogleAPIClientForREST.framework",
				"${BUILT_PRODUCTS_DIR}/GoogleToolboxForMac/GoogleToolboxForMac.framework",
				"${BUILT_PRODUCTS_DIR}/GoogleUtilities/GoogleUtilities.framework",
				"${BUILT_PRODUCTS_DIR}/IOSLinkedInAPIFix/IOSLinkedInAPIFix.framework",
				"${BUILT_PRODUCTS_DIR}/LinkedinSwift/LinkedinSwift.framework",
				"${BUILT_PRODUCTS_DIR}/Protobuf/Protobuf.framework",
				"${BUILT_PRODUCTS_DIR}/SinchVerification-Swift/SinchVerification.framework",
				"${BUILT_PRODUCTS_DIR}/TransitionButton/TransitionButton.framework",
				"${PODS_ROOT}/TwitterCore/iOS/TwitterCore.framework",
				"${PODS_ROOT}/TwitterKit/iOS/TwitterKit.framework",
				"${BUILT_PRODUCTS_DIR}/libPhoneNumber-iOS/libPhoneNumber_iOS.framework",
				"${BUILT_PRODUCTS_DIR}/nanopb/nanopb.framework",
			);
			name = "[CP] Embed Pods Frameworks";
			outputPaths = (
				"${TARGET_BUILD_DIR}/${FRAMEWORKS_FOLDER_PATH}/AFNetworking.framework",
				"${TARGET_BUILD_DIR}/${FRAMEWORKS_FOLDER_PATH}/Branch.framework",
				"${TARGET_BUILD_DIR}/${FRAMEWORKS_FOLDER_PATH}/CTKFlagPhoneNumber.framework",
				"${TARGET_BUILD_DIR}/${FRAMEWORKS_FOLDER_PATH}/FBSDKCoreKit.framework",
				"${TARGET_BUILD_DIR}/${FRAMEWORKS_FOLDER_PATH}/FBSDKLoginKit.framework",
				"${TARGET_BUILD_DIR}/${FRAMEWORKS_FOLDER_PATH}/FBSDKShareKit.framework",
				"${TARGET_BUILD_DIR}/${FRAMEWORKS_FOLDER_PATH}/FacebookCore.framework",
				"${TARGET_BUILD_DIR}/${FRAMEWORKS_FOLDER_PATH}/FacebookLogin.framework",
				"${TARGET_BUILD_DIR}/${FRAMEWORKS_FOLDER_PATH}/FacebookShare.framework",
				"${TARGET_BUILD_DIR}/${FRAMEWORKS_FOLDER_PATH}/GTMOAuth2.framework",
				"${TARGET_BUILD_DIR}/${FRAMEWORKS_FOLDER_PATH}/GTMSessionFetcher.framework",
				"${TARGET_BUILD_DIR}/${FRAMEWORKS_FOLDER_PATH}/GoneVisible.framework",
				"${TARGET_BUILD_DIR}/${FRAMEWORKS_FOLDER_PATH}/GoogleAPIClientForREST.framework",
				"${TARGET_BUILD_DIR}/${FRAMEWORKS_FOLDER_PATH}/GoogleToolboxForMac.framework",
				"${TARGET_BUILD_DIR}/${FRAMEWORKS_FOLDER_PATH}/GoogleUtilities.framework",
				"${TARGET_BUILD_DIR}/${FRAMEWORKS_FOLDER_PATH}/IOSLinkedInAPIFix.framework",
				"${TARGET_BUILD_DIR}/${FRAMEWORKS_FOLDER_PATH}/LinkedinSwift.framework",
				"${TARGET_BUILD_DIR}/${FRAMEWORKS_FOLDER_PATH}/Protobuf.framework",
				"${TARGET_BUILD_DIR}/${FRAMEWORKS_FOLDER_PATH}/SinchVerification.framework",
				"${TARGET_BUILD_DIR}/${FRAMEWORKS_FOLDER_PATH}/TransitionButton.framework",
				"${TARGET_BUILD_DIR}/${FRAMEWORKS_FOLDER_PATH}/TwitterCore.framework",
				"${TARGET_BUILD_DIR}/${FRAMEWORKS_FOLDER_PATH}/TwitterKit.framework",
				"${TARGET_BUILD_DIR}/${FRAMEWORKS_FOLDER_PATH}/libPhoneNumber_iOS.framework",
				"${TARGET_BUILD_DIR}/${FRAMEWORKS_FOLDER_PATH}/nanopb.framework",
			);
			runOnlyForDeploymentPostprocessing = 0;
			shellPath = /bin/sh;
			shellScript = "\"${PODS_ROOT}/Target Support Files/Pods-AGSocialLogin/Pods-AGSocialLogin-frameworks.sh\"\n";
			showEnvVarsInLog = 0;
		};
		E6637B21081548057094E9A2 /* [CP] Copy Pods Resources */ = {
			isa = PBXShellScriptBuildPhase;
			buildActionMask = 2147483647;
			files = (
			);
			inputPaths = (
				"${PODS_ROOT}/Target Support Files/Pods-AGSocialLogin/Pods-AGSocialLogin-resources.sh",
				"${PODS_ROOT}/FirebaseInvites/Resources/GINInviteResources.bundle",
				"${PODS_ROOT}/FirebaseInvites/Resources/GPPACLPickerResources.bundle",
				"${PODS_ROOT}/GoogleSignIn/Resources/GoogleSignIn.bundle",
				"${PODS_ROOT}/TwitterKit/iOS/TwitterKit.framework/TwitterKitResources.bundle",
			);
			name = "[CP] Copy Pods Resources";
			outputPaths = (
				"${TARGET_BUILD_DIR}/${UNLOCALIZED_RESOURCES_FOLDER_PATH}/GINInviteResources.bundle",
				"${TARGET_BUILD_DIR}/${UNLOCALIZED_RESOURCES_FOLDER_PATH}/GPPACLPickerResources.bundle",
				"${TARGET_BUILD_DIR}/${UNLOCALIZED_RESOURCES_FOLDER_PATH}/GoogleSignIn.bundle",
				"${TARGET_BUILD_DIR}/${UNLOCALIZED_RESOURCES_FOLDER_PATH}/TwitterKitResources.bundle",
			);
			runOnlyForDeploymentPostprocessing = 0;
			shellPath = /bin/sh;
			shellScript = "\"${PODS_ROOT}/Target Support Files/Pods-AGSocialLogin/Pods-AGSocialLogin-resources.sh\"\n";
			showEnvVarsInLog = 0;
		};
/* End PBXShellScriptBuildPhase section */

/* Begin PBXSourcesBuildPhase section */
		4E6D64091FC7322F00B2D5E0 /* Sources */ = {
			isa = PBXSourcesBuildPhase;
			buildActionMask = 2147483647;
			files = (
				006B74A02167747F0070C385 /* AGFirebase.swift in Sources */,
				4E569AF21FCA97F700005CA9 /* AGGoogleLogin.swift in Sources */,
				154D05AB204522860089612E /* GoogleMobileAdsTableViewController.swift in Sources */,
				4E6D64131FC7323000B2D5E0 /* ViewController.swift in Sources */,
				006B74992167743C0070C385 /* SinchLoginViewController.swift in Sources */,
				006B74982167743C0070C385 /* AGSinchVerification.swift in Sources */,
				4EA3A3C31FCBE1FD00178E39 /* FirebaseTableViewController.swift in Sources */,
				4EE8F5771FC80C5B00698C87 /* AGFacebookLogin.swift in Sources */,
				006B74A4216776C70070C385 /* UIView+Extension.swift in Sources */,
				006B749F2167747F0070C385 /* AGTwitterLogin.swift in Sources */,
				4E6D64111FC7322F00B2D5E0 /* AppDelegate.swift in Sources */,
				154D05A9204522860089612E /* GoogleAdsBananer.swift in Sources */,
				4EA3A3D01FCBFECC00178E39 /* AGLinkedInLogin.swift in Sources */,
				154D05AA204522860089612E /* GoogleAdsInterstitial.swift in Sources */,
			);
			runOnlyForDeploymentPostprocessing = 0;
		};
/* End PBXSourcesBuildPhase section */

/* Begin PBXVariantGroup section */
		4E6D64141FC7323000B2D5E0 /* Main.storyboard */ = {
			isa = PBXVariantGroup;
			children = (
				4E6D64151FC7323000B2D5E0 /* Base */,
			);
			name = Main.storyboard;
			sourceTree = "<group>";
		};
		4E6D64191FC7323000B2D5E0 /* LaunchScreen.storyboard */ = {
			isa = PBXVariantGroup;
			children = (
				4E6D641A1FC7323000B2D5E0 /* Base */,
			);
			name = LaunchScreen.storyboard;
			sourceTree = "<group>";
		};
/* End PBXVariantGroup section */

/* Begin XCBuildConfiguration section */
		4E6D641D1FC7323000B2D5E0 /* Debug */ = {
			isa = XCBuildConfiguration;
			buildSettings = {
				ALWAYS_SEARCH_USER_PATHS = NO;
				CLANG_ANALYZER_LOCALIZABILITY_NONLOCALIZED = YES;
				CLANG_ANALYZER_NONNULL = YES;
				CLANG_ANALYZER_NUMBER_OBJECT_CONVERSION = YES_AGGRESSIVE;
				CLANG_CXX_LANGUAGE_STANDARD = "gnu++0x";
				CLANG_CXX_LIBRARY = "libc++";
				CLANG_ENABLE_MODULES = YES;
				CLANG_ENABLE_OBJC_ARC = YES;
				CLANG_WARN_BLOCK_CAPTURE_AUTORELEASING = YES;
				CLANG_WARN_BOOL_CONVERSION = YES;
				CLANG_WARN_COMMA = YES;
				CLANG_WARN_CONSTANT_CONVERSION = YES;
				CLANG_WARN_DEPRECATED_OBJC_IMPLEMENTATIONS = YES;
				CLANG_WARN_DIRECT_OBJC_ISA_USAGE = YES_ERROR;
				CLANG_WARN_DOCUMENTATION_COMMENTS = YES;
				CLANG_WARN_EMPTY_BODY = YES;
				CLANG_WARN_ENUM_CONVERSION = YES;
				CLANG_WARN_INFINITE_RECURSION = YES;
				CLANG_WARN_INT_CONVERSION = YES;
				CLANG_WARN_NON_LITERAL_NULL_CONVERSION = YES;
				CLANG_WARN_OBJC_IMPLICIT_RETAIN_SELF = YES;
				CLANG_WARN_OBJC_LITERAL_CONVERSION = YES;
				CLANG_WARN_OBJC_ROOT_CLASS = YES_ERROR;
				CLANG_WARN_RANGE_LOOP_ANALYSIS = YES;
				CLANG_WARN_STRICT_PROTOTYPES = YES;
				CLANG_WARN_SUSPICIOUS_MOVE = YES;
				CLANG_WARN_UNREACHABLE_CODE = YES;
				CLANG_WARN__DUPLICATE_METHOD_MATCH = YES;
				"CODE_SIGN_IDENTITY[sdk=iphoneos*]" = "iPhone Developer";
				COPY_PHASE_STRIP = NO;
				DEBUG_INFORMATION_FORMAT = dwarf;
				ENABLE_STRICT_OBJC_MSGSEND = YES;
				ENABLE_TESTABILITY = YES;
				GCC_C_LANGUAGE_STANDARD = gnu99;
				GCC_DYNAMIC_NO_PIC = NO;
				GCC_NO_COMMON_BLOCKS = YES;
				GCC_OPTIMIZATION_LEVEL = 0;
				GCC_PREPROCESSOR_DEFINITIONS = (
					"DEBUG=1",
					"$(inherited)",
				);
				GCC_WARN_64_TO_32_BIT_CONVERSION = YES;
				GCC_WARN_ABOUT_RETURN_TYPE = YES_ERROR;
				GCC_WARN_UNDECLARED_SELECTOR = YES;
				GCC_WARN_UNINITIALIZED_AUTOS = YES_AGGRESSIVE;
				GCC_WARN_UNUSED_FUNCTION = YES;
				GCC_WARN_UNUSED_VARIABLE = YES;
				IPHONEOS_DEPLOYMENT_TARGET = 10.3;
				MTL_ENABLE_DEBUG_INFO = YES;
				ONLY_ACTIVE_ARCH = YES;
				SDKROOT = iphoneos;
				SWIFT_ACTIVE_COMPILATION_CONDITIONS = DEBUG;
				SWIFT_OPTIMIZATION_LEVEL = "-Onone";
				TARGETED_DEVICE_FAMILY = "1,2";
			};
			name = Debug;
		};
		4E6D641E1FC7323000B2D5E0 /* Release */ = {
			isa = XCBuildConfiguration;
			buildSettings = {
				ALWAYS_SEARCH_USER_PATHS = NO;
				CLANG_ANALYZER_LOCALIZABILITY_NONLOCALIZED = YES;
				CLANG_ANALYZER_NONNULL = YES;
				CLANG_ANALYZER_NUMBER_OBJECT_CONVERSION = YES_AGGRESSIVE;
				CLANG_CXX_LANGUAGE_STANDARD = "gnu++0x";
				CLANG_CXX_LIBRARY = "libc++";
				CLANG_ENABLE_MODULES = YES;
				CLANG_ENABLE_OBJC_ARC = YES;
				CLANG_WARN_BLOCK_CAPTURE_AUTORELEASING = YES;
				CLANG_WARN_BOOL_CONVERSION = YES;
				CLANG_WARN_COMMA = YES;
				CLANG_WARN_CONSTANT_CONVERSION = YES;
				CLANG_WARN_DEPRECATED_OBJC_IMPLEMENTATIONS = YES;
				CLANG_WARN_DIRECT_OBJC_ISA_USAGE = YES_ERROR;
				CLANG_WARN_DOCUMENTATION_COMMENTS = YES;
				CLANG_WARN_EMPTY_BODY = YES;
				CLANG_WARN_ENUM_CONVERSION = YES;
				CLANG_WARN_INFINITE_RECURSION = YES;
				CLANG_WARN_INT_CONVERSION = YES;
				CLANG_WARN_NON_LITERAL_NULL_CONVERSION = YES;
				CLANG_WARN_OBJC_IMPLICIT_RETAIN_SELF = YES;
				CLANG_WARN_OBJC_LITERAL_CONVERSION = YES;
				CLANG_WARN_OBJC_ROOT_CLASS = YES_ERROR;
				CLANG_WARN_RANGE_LOOP_ANALYSIS = YES;
				CLANG_WARN_STRICT_PROTOTYPES = YES;
				CLANG_WARN_SUSPICIOUS_MOVE = YES;
				CLANG_WARN_UNREACHABLE_CODE = YES;
				CLANG_WARN__DUPLICATE_METHOD_MATCH = YES;
				"CODE_SIGN_IDENTITY[sdk=iphoneos*]" = "iPhone Developer";
				COPY_PHASE_STRIP = NO;
				DEBUG_INFORMATION_FORMAT = "dwarf-with-dsym";
				ENABLE_NS_ASSERTIONS = NO;
				ENABLE_STRICT_OBJC_MSGSEND = YES;
				GCC_C_LANGUAGE_STANDARD = gnu99;
				GCC_NO_COMMON_BLOCKS = YES;
				GCC_WARN_64_TO_32_BIT_CONVERSION = YES;
				GCC_WARN_ABOUT_RETURN_TYPE = YES_ERROR;
				GCC_WARN_UNDECLARED_SELECTOR = YES;
				GCC_WARN_UNINITIALIZED_AUTOS = YES_AGGRESSIVE;
				GCC_WARN_UNUSED_FUNCTION = YES;
				GCC_WARN_UNUSED_VARIABLE = YES;
				IPHONEOS_DEPLOYMENT_TARGET = 10.3;
				MTL_ENABLE_DEBUG_INFO = NO;
				SDKROOT = iphoneos;
				SWIFT_OPTIMIZATION_LEVEL = "-Owholemodule";
				TARGETED_DEVICE_FAMILY = "1,2";
				VALIDATE_PRODUCT = YES;
			};
			name = Release;
		};
		4E6D64201FC7323000B2D5E0 /* Debug */ = {
			isa = XCBuildConfiguration;
			baseConfigurationReference = 2C52E3F1B551525B1919DD8D /* Pods-AGSocialLogin.debug.xcconfig */;
			buildSettings = {
				ASSETCATALOG_COMPILER_APPICON_NAME = AppIcon;
				CLANG_ENABLE_MODULES = YES;
				CODE_SIGN_ENTITLEMENTS = AGSocialLogin/AGSocialLogin.entitlements;
				"CODE_SIGN_IDENTITY[sdk=iphoneos*]" = "iPhone Distribution";
				DEVELOPMENT_TEAM = DASPPP27LL;
				ENABLE_BITCODE = YES;
				FRAMEWORK_SEARCH_PATHS = (
					"$(inherited)",
					"$(PROJECT_DIR)/FacebookSDKs",
					"$(PROJECT_DIR)",
				);
				INFOPLIST_FILE = AGSocialLogin/Info.plist;
				IPHONEOS_DEPLOYMENT_TARGET = 11.0;
				LD_RUNPATH_SEARCH_PATHS = "$(inherited) @executable_path/Frameworks";
				PRODUCT_BUNDLE_IDENTIFIER = com.appXperts.Silvia.Physeek;
				PRODUCT_NAME = "$(TARGET_NAME)";
				PROVISIONING_PROFILE = "980e1d8d-d046-4227-af2d-f1453a051513";
				PROVISIONING_PROFILE_SPECIFIER = PhyseekLiveAppStore;
				SWIFT_OBJC_BRIDGING_HEADER = "AGSocialLogin-Bridging-Header.h";
				SWIFT_OPTIMIZATION_LEVEL = "-Onone";
				SWIFT_SWIFT3_OBJC_INFERENCE = Default;
				SWIFT_VERSION = 4.2;
			};
			name = Debug;
		};
		4E6D64211FC7323000B2D5E0 /* Release */ = {
			isa = XCBuildConfiguration;
			baseConfigurationReference = CDC9D01A0AB80890D983ED1E /* Pods-AGSocialLogin.release.xcconfig */;
			buildSettings = {
				ASSETCATALOG_COMPILER_APPICON_NAME = AppIcon;
				CLANG_ENABLE_MODULES = YES;
				CODE_SIGN_ENTITLEMENTS = AGSocialLogin/AGSocialLogin.entitlements;
				"CODE_SIGN_IDENTITY[sdk=iphoneos*]" = "iPhone Distribution";
				DEVELOPMENT_TEAM = DASPPP27LL;
				ENABLE_BITCODE = YES;
				FRAMEWORK_SEARCH_PATHS = (
					"$(inherited)",
					"$(PROJECT_DIR)/FacebookSDKs",
					"$(PROJECT_DIR)",
				);
				INFOPLIST_FILE = AGSocialLogin/Info.plist;
				IPHONEOS_DEPLOYMENT_TARGET = 11.0;
				LD_RUNPATH_SEARCH_PATHS = "$(inherited) @executable_path/Frameworks";
				PRODUCT_BUNDLE_IDENTIFIER = com.appXperts.Silvia.Physeek;
				PRODUCT_NAME = "$(TARGET_NAME)";
				PROVISIONING_PROFILE = "980e1d8d-d046-4227-af2d-f1453a051513";
				PROVISIONING_PROFILE_SPECIFIER = PhyseekLiveAppStore;
				SWIFT_OBJC_BRIDGING_HEADER = "AGSocialLogin-Bridging-Header.h";
				SWIFT_SWIFT3_OBJC_INFERENCE = Default;
				SWIFT_VERSION = 4.2;
			};
			name = Release;
		};
/* End XCBuildConfiguration section */

/* Begin XCConfigurationList section */
		4E6D64081FC7322F00B2D5E0 /* Build configuration list for PBXProject "AGSocialLogin" */ = {
			isa = XCConfigurationList;
			buildConfigurations = (
				4E6D641D1FC7323000B2D5E0 /* Debug */,
				4E6D641E1FC7323000B2D5E0 /* Release */,
			);
			defaultConfigurationIsVisible = 0;
			defaultConfigurationName = Release;
		};
		4E6D641F1FC7323000B2D5E0 /* Build configuration list for PBXNativeTarget "AGSocialLogin" */ = {
			isa = XCConfigurationList;
			buildConfigurations = (
				4E6D64201FC7323000B2D5E0 /* Debug */,
				4E6D64211FC7323000B2D5E0 /* Release */,
			);
			defaultConfigurationIsVisible = 0;
			defaultConfigurationName = Release;
		};
/* End XCConfigurationList section */
	};
	rootObject = 4E6D64051FC7322F00B2D5E0 /* Project object */;
}
